PODS:
  - JNAvatarWithInitials (1.1.4):
    - SDWebImage (~> 5.0.2)
  - JNGroupAvatarImageView (1.2.4):
    - JNAvatarWithInitials (~> 1.1.4)
  - JNHorizontalGroupAvatarCollectionView (1.0.4):
    - JNGroupAvatarImageView (~> 1.2.4)
  - SDWebImage (5.0.2):
    - SDWebImage/Core (= 5.0.2)
  - SDWebImage/Core (5.0.2)

DEPENDENCIES:
  - JNHorizontalGroupAvatarCollectionView (from `../`)

SPEC REPOS:
  https://github.com/cocoapods/specs.git:
    - JNAvatarWithInitials
    - JNGroupAvatarImageView
    - SDWebImage

EXTERNAL SOURCES:
  JNHorizontalGroupAvatarCollectionView:
    :path: "../"

SPEC CHECKSUMS:
  JNAvatarWithInitials: 818527c031182b6ff28afd87518b8dd705ceb473
  JNGroupAvatarImageView: 44c681b92719cd5667b2cffe23719f4a5a23b719
  JNHorizontalGroupAvatarCollectionView: 716128bdecfc08f740589af006acfff6f49c5676
  SDWebImage: 6764b5fa0f73c203728052955dbefa2bf1f33282

PODFILE CHECKSUM: 3a4af99e4873fae71fccdaf30b1804a95aac3f8e

COCOAPODS: 1.6.1
