PODS:
  - JNAvatarWithInitials (1.1.2):
    - SDWebImage (~> 4.4.2)
  - JNGroupAvatarImageView (1.2.3):
    - JNAvatarWithInitials (~> 1.1.2)
  - JNHorizontalGroupAvatarCollectionView (1.0.3):
    - JNGroupAvatarImageView (~> 1.2.3)
  - SDWebImage (4.4.2):
    - SDWebImage/Core (= 4.4.2)
  - SDWebImage/Core (4.4.2)

DEPENDENCIES:
  - JNHorizontalGroupAvatarCollectionView (from `../`)

SPEC REPOS:
  https://github.com/cocoapods/specs.git:
    - JNAvatarWithInitials
    - JNGroupAvatarImageView
    - SDWebImage

EXTERNAL SOURCES:
  JNHorizontalGroupAvatarCollectionView:
    :path: "../"

SPEC CHECKSUMS:
  JNAvatarWithInitials: 806ccb76bd4d3c43c7498b2346eab57a6045ea4e
  JNGroupAvatarImageView: 0b69f44b4ed378dbd17bf80055abdcc921e64fd4
  JNHorizontalGroupAvatarCollectionView: d0efec39ae81b984c9d01628f4c18a39f55b43f2
  SDWebImage: 624d6e296c69b244bcede364c72ae0430ac14681

PODFILE CHECKSUM: 3a4af99e4873fae71fccdaf30b1804a95aac3f8e

COCOAPODS: 1.5.3
